{
  "name": "electron-typescript-react-mobx-boilerplate",
  "version": "1.0.0",
  "lockfileVersion": 1,
  "requires": true,
  "dependencies": {
    "koolearn-sign": {
      "version": "0.1.0",
      "resolved": "http://10.155.20.59:4873/koolearn-sign/-/koolearn-sign-0.1.0.tgz",
      "integrity": "sha1-wZqUMJgzcHgq01o7X5xS0w+dluk=",
      "requires": {
        "nan": "2.10.0"
      }
    },
    "nan": {
      "version": "2.10.0",
      "resolved": "http://10.155.20.59:4873/nan/-/nan-2.10.0.tgz",
      "integrity": "sha512-bAdJv7fBLhWC+/Bls0Oza+mvTaNQtP+1RyhhhvD95pgUJz6XM5IzgmxOkItJ9tkoCiplvAnXI1tNmmUD/eScyA=="
    }
  }
}
